
Microsoft Visual Studio Solution File, Format Version 12.00
# Visual Studio Version 16
VisualStudioVersion = 16.0.29025.244
MinimumVisualStudioVersion = 10.0.40219.1
Project("{FAE04EC0-301F-11D3-BF4B-00C04F79EFBC}") = "NetCoreHost", "NetCoreHost.csproj", "{5AD25B37-7D4C-480D-A2F1-D43F3CBE5E6C}"
EndProject
Global
	GlobalSection(SolutionConfigurationPlatforms) = preSolution
		Debug|Any CPU = Debug|Any CPU
		Release|Any CPU = Release|Any CPU
	EndGlobalSection
	GlobalSection(ProjectConfigurationPlatforms) = postSolution
		{5AD25B37-7D4C-480D-A2F1-D43F3CBE5E6C}.Debug|Any CPU.ActiveCfg = Debug|Any CPU
		{5AD25B37-7D4C-480D-A2F1-D43F3CBE5E6C}.Debug|Any CPU.Build.0 = Debug|Any CPU
		{5AD25B37-7D4C-480D-A2F1-D43F3CBE5E6C}.Release|Any CPU.ActiveCfg = Release|Any CPU
		{5AD25B37-7D4C-480D-A2F1-D43F3CBE5E6C}.Release|Any CPU.Build.0 = Release|Any CPU
	EndGlobalSection
	GlobalSection(SolutionProperties) = preSolution
		HideSolutionNode = FALSE
	EndGlobalSection
	GlobalSection(ExtensibilityGlobals) = postSolution
		SolutionGuid = {E2D64E67-4906-4422-9BCD-9B828B1C4E5B}
	EndGlobalSection
EndGlobal
